
Microsoft Visual Studio Solution File, Format Version 12.00
# Visual Studio Version 17
VisualStudioVersion = 17.9.34714.143
MinimumVisualStudioVersion = 10.0.40219.1
Project("{8BC9CEB8-8B4A-11D0-8D11-00A0C91BC942}") = "Project3", "Project3.vcxproj", "{C5CD8B33-176D-4720-BFD9-CAAE1F25276A}"
EndProject
Global
	GlobalSection(SolutionConfigurationPlatforms) = preSolution
		Debug|x64 = Debug|x64
		Debug|x86 = Debug|x86
		Release|x64 = Release|x64
		Release|x86 = Release|x86
	EndGlobalSection
	GlobalSection(ProjectConfigurationPlatforms) = postSolution
		{C5CD8B33-176D-4720-BFD9-CAAE1F25276A}.Debug|x64.ActiveCfg = Debug|x64
		{C5CD8B33-176D-4720-BFD9-CAAE1F25276A}.Debug|x64.Build.0 = Debug|x64
		{C5CD8B33-176D-4720-BFD9-CAAE1F25276A}.Debug|x86.ActiveCfg = Debug|Win32
		{C5CD8B33-176D-4720-BFD9-CAAE1F25276A}.Debug|x86.Build.0 = Debug|Win32
		{C5CD8B33-176D-4720-BFD9-CAAE1F25276A}.Release|x64.ActiveCfg = Release|x64
		{C5CD8B33-176D-4720-BFD9-CAAE1F25276A}.Release|x64.Build.0 = Release|x64
		{C5CD8B33-176D-4720-BFD9-CAAE1F25276A}.Release|x86.ActiveCfg = Release|Win32
		{C5CD8B33-176D-4720-BFD9-CAAE1F25276A}.Release|x86.Build.0 = Release|Win32
	EndGlobalSection
	GlobalSection(SolutionProperties) = preSolution
		HideSolutionNode = FALSE
	EndGlobalSection
	GlobalSection(ExtensibilityGlobals) = postSolution
		SolutionGuid = {4D35047A-5893-4447-87EA-0E59FA53861F}
	EndGlobalSection
EndGlobal
