
Microsoft Visual Studio Solution File, Format Version 12.00
# Visual Studio Version 17
VisualStudioVersion = 17.9.34714.143
MinimumVisualStudioVersion = 10.0.40219.1
Project("{8BC9CEB8-8B4A-11D0-8D11-00A0C91BC942}") = "20240520_1.2限目", "20240520_1.2限目.vcxproj", "{93530C68-3C0E-4882-9238-40F1E669D2CE}"
EndProject
Global
	GlobalSection(SolutionConfigurationPlatforms) = preSolution
		Debug|x64 = Debug|x64
		Debug|x86 = Debug|x86
		Release|x64 = Release|x64
		Release|x86 = Release|x86
	EndGlobalSection
	GlobalSection(ProjectConfigurationPlatforms) = postSolution
		{93530C68-3C0E-4882-9238-40F1E669D2CE}.Debug|x64.ActiveCfg = Debug|x64
		{93530C68-3C0E-4882-9238-40F1E669D2CE}.Debug|x64.Build.0 = Debug|x64
		{93530C68-3C0E-4882-9238-40F1E669D2CE}.Debug|x86.ActiveCfg = Debug|Win32
		{93530C68-3C0E-4882-9238-40F1E669D2CE}.Debug|x86.Build.0 = Debug|Win32
		{93530C68-3C0E-4882-9238-40F1E669D2CE}.Release|x64.ActiveCfg = Release|x64
		{93530C68-3C0E-4882-9238-40F1E669D2CE}.Release|x64.Build.0 = Release|x64
		{93530C68-3C0E-4882-9238-40F1E669D2CE}.Release|x86.ActiveCfg = Release|Win32
		{93530C68-3C0E-4882-9238-40F1E669D2CE}.Release|x86.Build.0 = Release|Win32
	EndGlobalSection
	GlobalSection(SolutionProperties) = preSolution
		HideSolutionNode = FALSE
	EndGlobalSection
	GlobalSection(ExtensibilityGlobals) = postSolution
		SolutionGuid = {A929AF77-835D-4BD5-93AE-FFB4F5576368}
	EndGlobalSection
EndGlobal
